Microsoft Visual Studio Solution File, Format Version 12.00
# Visual Studio Version 17
VisualStudioVersion = 17.5.2.0
MinimumVisualStudioVersion = 10.0.40219.1
Project("{FAE04EC0-301F-11D3-BF4B-00C04F79EFBC}") = "kodprov_API", "kodprov_API.csproj", "{63BCF7C4-4256-5CD7-F794-E265B6E617C5}"
EndProject
Global
	GlobalSection(SolutionConfigurationPlatforms) = preSolution
		Debug|Any CPU = Debug|Any CPU
		Release|Any CPU = Release|Any CPU
	EndGlobalSection
	GlobalSection(ProjectConfigurationPlatforms) = postSolution
		{63BCF7C4-4256-5CD7-F794-E265B6E617C5}.Debug|Any CPU.ActiveCfg = Debug|Any CPU
		{63BCF7C4-4256-5CD7-F794-E265B6E617C5}.Debug|Any CPU.Build.0 = Debug|Any CPU
		{63BCF7C4-4256-5CD7-F794-E265B6E617C5}.Release|Any CPU.ActiveCfg = Release|Any CPU
		{63BCF7C4-4256-5CD7-F794-E265B6E617C5}.Release|Any CPU.Build.0 = Release|Any CPU
	EndGlobalSection
	GlobalSection(SolutionProperties) = preSolution
		HideSolutionNode = FALSE
	EndGlobalSection
	GlobalSection(ExtensibilityGlobals) = postSolution
		SolutionGuid = {2B888E1B-82B0-43CA-A596-ED7D75952CFD}
	EndGlobalSection
EndGlobal
